
Microsoft Visual Studio Solution File, Format Version 12.00
# Visual Studio Version 17
VisualStudioVersion = 17.14.36310.24 d17.14
MinimumVisualStudioVersion = 10.0.40219.1
Project("{FAE04EC0-301F-11D3-BF4B-00C04F79EFBC}") = "estoque", "estoque.csproj", "{9B8A3AC5-6D74-41A4-944D-703165624353}"
EndProject
Global
	GlobalSection(SolutionConfigurationPlatforms) = preSolution
		Debug|Any CPU = Debug|Any CPU
		Release|Any CPU = Release|Any CPU
	EndGlobalSection
	GlobalSection(ProjectConfigurationPlatforms) = postSolution
		{9B8A3AC5-6D74-41A4-944D-703165624353}.Debug|Any CPU.ActiveCfg = Debug|Any CPU
		{9B8A3AC5-6D74-41A4-944D-703165624353}.Debug|Any CPU.Build.0 = Debug|Any CPU
		{9B8A3AC5-6D74-41A4-944D-703165624353}.Release|Any CPU.ActiveCfg = Release|Any CPU
		{9B8A3AC5-6D74-41A4-944D-703165624353}.Release|Any CPU.Build.0 = Release|Any CPU
	EndGlobalSection
	GlobalSection(SolutionProperties) = preSolution
		HideSolutionNode = FALSE
	EndGlobalSection
	GlobalSection(ExtensibilityGlobals) = postSolution
		SolutionGuid = {85C68627-FC2C-426E-9FDE-7F9F93F0D48E}
	EndGlobalSection
EndGlobal
