
Microsoft Visual Studio Solution File, Format Version 12.00
# Visual Studio Version 17
VisualStudioVersion = 17.14.36310.24 d17.14
MinimumVisualStudioVersion = 10.0.40219.1
Project("{FAE04EC0-301F-11D3-BF4B-00C04F79EFBC}") = "tabuadaLoop", "tabuadaLoop.csproj", "{C5ADC455-01C1-4963-A58E-F94F3856909F}"
EndProject
Global
	GlobalSection(SolutionConfigurationPlatforms) = preSolution
		Debug|Any CPU = Debug|Any CPU
		Release|Any CPU = Release|Any CPU
	EndGlobalSection
	GlobalSection(ProjectConfigurationPlatforms) = postSolution
		{C5ADC455-01C1-4963-A58E-F94F3856909F}.Debug|Any CPU.ActiveCfg = Debug|Any CPU
		{C5ADC455-01C1-4963-A58E-F94F3856909F}.Debug|Any CPU.Build.0 = Debug|Any CPU
		{C5ADC455-01C1-4963-A58E-F94F3856909F}.Release|Any CPU.ActiveCfg = Release|Any CPU
		{C5ADC455-01C1-4963-A58E-F94F3856909F}.Release|Any CPU.Build.0 = Release|Any CPU
	EndGlobalSection
	GlobalSection(SolutionProperties) = preSolution
		HideSolutionNode = FALSE
	EndGlobalSection
	GlobalSection(ExtensibilityGlobals) = postSolution
		SolutionGuid = {89F5D91C-ADF1-48C0-AEB7-EDEA45C22658}
	EndGlobalSection
EndGlobal
