
Microsoft Visual Studio Solution File, Format Version 12.00
# Visual Studio Version 17
VisualStudioVersion = 17.14.36310.24
MinimumVisualStudioVersion = 10.0.40219.1
Project("{FAE04EC0-301F-11D3-BF4B-00C04F79EFBC}") = "nivelivesbooks", "nivelivesbooks.csproj", "{A9C39B1B-F98A-497C-AC1B-A086D0601B23}"
EndProject
Project("{2150E333-8FDC-42A3-9474-1A3956D46DE8}") = "Itens de Solução", "Itens de Solução", "{380A7511-A354-6D7A-0CC0-8FA1F1BA7B6C}"
	ProjectSection(SolutionItems) = preProject
		RoundButton.cs = RoundButton.cs
	EndProjectSection
EndProject
Global
	GlobalSection(SolutionConfigurationPlatforms) = preSolution
		Debug|Any CPU = Debug|Any CPU
		Release|Any CPU = Release|Any CPU
	EndGlobalSection
	GlobalSection(ProjectConfigurationPlatforms) = postSolution
		{A9C39B1B-F98A-497C-AC1B-A086D0601B23}.Debug|Any CPU.ActiveCfg = Debug|Any CPU
		{A9C39B1B-F98A-497C-AC1B-A086D0601B23}.Debug|Any CPU.Build.0 = Debug|Any CPU
		{A9C39B1B-F98A-497C-AC1B-A086D0601B23}.Release|Any CPU.ActiveCfg = Release|Any CPU
		{A9C39B1B-F98A-497C-AC1B-A086D0601B23}.Release|Any CPU.Build.0 = Release|Any CPU
	EndGlobalSection
	GlobalSection(SolutionProperties) = preSolution
		HideSolutionNode = FALSE
	EndGlobalSection
	GlobalSection(ExtensibilityGlobals) = postSolution
		SolutionGuid = {55444B84-DFC2-4316-BBA5-BA9B4185D5D3}
	EndGlobalSection
EndGlobal
